
Microsoft Visual Studio Solution File, Format Version 12.00
# Visual Studio Version 17
VisualStudioVersion = 17.8.34309.116
MinimumVisualStudioVersion = 10.0.40219.1
Project("{FAE04EC0-301F-11D3-BF4B-00C04F79EFBC}") = "XYCordReader", "XYCordReader.csproj", "{8207AAD7-EB86-485A-BB91-F54EB631A9AF}"
EndProject
Global
	GlobalSection(SolutionConfigurationPlatforms) = preSolution
		Debug|Any CPU = Debug|Any CPU
		Release|Any CPU = Release|Any CPU
	EndGlobalSection
	GlobalSection(ProjectConfigurationPlatforms) = postSolution
		{8207AAD7-EB86-485A-BB91-F54EB631A9AF}.Debug|Any CPU.ActiveCfg = Debug|Any CPU
		{8207AAD7-EB86-485A-BB91-F54EB631A9AF}.Debug|Any CPU.Build.0 = Debug|Any CPU
		{8207AAD7-EB86-485A-BB91-F54EB631A9AF}.Release|Any CPU.ActiveCfg = Release|Any CPU
		{8207AAD7-EB86-485A-BB91-F54EB631A9AF}.Release|Any CPU.Build.0 = Release|Any CPU
	EndGlobalSection
	GlobalSection(SolutionProperties) = preSolution
		HideSolutionNode = FALSE
	EndGlobalSection
	GlobalSection(ExtensibilityGlobals) = postSolution
		SolutionGuid = {CDC31383-1BCA-4D7D-83FA-2914A0E6D5DF}
	EndGlobalSection
EndGlobal
